
Microsoft Visual Studio Solution File, Format Version 12.00
# Visual Studio Version 16
VisualStudioVersion = 16.0.33529.622
MinimumVisualStudioVersion = 10.0.40219.1
Project("{9A19103F-16F7-4668-BE54-9A1E7A4F7556}") = "AssessmentApendixClasses", "AssessmentApendixClasses\AssessmentApendixClasses.csproj", "{BCDBE29C-5E4B-44CF-84DC-20DD1194022C}"
EndProject
Project("{9A19103F-16F7-4668-BE54-9A1E7A4F7556}") = "MyNunitSoln", "MyNunitSoln\MyNunitSoln.csproj", "{B81287E3-12E6-405D-AAF3-FDB69AF14E0B}"
EndProject
Project("{FAE04EC0-301F-11D3-BF4B-00C04F79EFBC}") = "Nunit3.0", "Nunit3.0\Nunit3.0.csproj", "{B8823BE7-B1F5-4DBF-8A9E-02D8D723E87C}"
EndProject
Global
	GlobalSection(SolutionConfigurationPlatforms) = preSolution
		Debug|Any CPU = Debug|Any CPU
		Release|Any CPU = Release|Any CPU
	EndGlobalSection
	GlobalSection(ProjectConfigurationPlatforms) = postSolution
		{BCDBE29C-5E4B-44CF-84DC-20DD1194022C}.Debug|Any CPU.ActiveCfg = Debug|Any CPU
		{BCDBE29C-5E4B-44CF-84DC-20DD1194022C}.Debug|Any CPU.Build.0 = Debug|Any CPU
		{BCDBE29C-5E4B-44CF-84DC-20DD1194022C}.Release|Any CPU.ActiveCfg = Release|Any CPU
		{BCDBE29C-5E4B-44CF-84DC-20DD1194022C}.Release|Any CPU.Build.0 = Release|Any CPU
		{B81287E3-12E6-405D-AAF3-FDB69AF14E0B}.Debug|Any CPU.ActiveCfg = Debug|Any CPU
		{B81287E3-12E6-405D-AAF3-FDB69AF14E0B}.Debug|Any CPU.Build.0 = Debug|Any CPU
		{B81287E3-12E6-405D-AAF3-FDB69AF14E0B}.Release|Any CPU.ActiveCfg = Release|Any CPU
		{B81287E3-12E6-405D-AAF3-FDB69AF14E0B}.Release|Any CPU.Build.0 = Release|Any CPU
		{B8823BE7-B1F5-4DBF-8A9E-02D8D723E87C}.Debug|Any CPU.ActiveCfg = Debug|Any CPU
		{B8823BE7-B1F5-4DBF-8A9E-02D8D723E87C}.Debug|Any CPU.Build.0 = Debug|Any CPU
		{B8823BE7-B1F5-4DBF-8A9E-02D8D723E87C}.Release|Any CPU.ActiveCfg = Release|Any CPU
		{B8823BE7-B1F5-4DBF-8A9E-02D8D723E87C}.Release|Any CPU.Build.0 = Release|Any CPU
	EndGlobalSection
	GlobalSection(SolutionProperties) = preSolution
		HideSolutionNode = FALSE
	EndGlobalSection
	GlobalSection(ExtensibilityGlobals) = postSolution
		SolutionGuid = {3DD80C56-EB54-48E0-BDB6-D511DEF25E05}
	EndGlobalSection
EndGlobal
