
Microsoft Visual Studio Solution File, Format Version 12.00
# Visual Studio Version 16
VisualStudioVersion = 16.0.33529.622
MinimumVisualStudioVersion = 10.0.40219.1
Project("{FAE04EC0-301F-11D3-BF4B-00C04F79EFBC}") = "AssessmentApendixClasses", "AssessmentApendixClasses\AssessmentApendixClasses.csproj", "{BCDBE29C-5E4B-44CF-84DC-20DD1194022C}"
EndProject
Global
	GlobalSection(SolutionConfigurationPlatforms) = preSolution
		Debug|Any CPU = Debug|Any CPU
		Release|Any CPU = Release|Any CPU
	EndGlobalSection
	GlobalSection(ProjectConfigurationPlatforms) = postSolution
		{BCDBE29C-5E4B-44CF-84DC-20DD1194022C}.Debug|Any CPU.ActiveCfg = Debug|Any CPU
		{BCDBE29C-5E4B-44CF-84DC-20DD1194022C}.Debug|Any CPU.Build.0 = Debug|Any CPU
		{BCDBE29C-5E4B-44CF-84DC-20DD1194022C}.Release|Any CPU.ActiveCfg = Release|Any CPU
		{BCDBE29C-5E4B-44CF-84DC-20DD1194022C}.Release|Any CPU.Build.0 = Release|Any CPU
	EndGlobalSection
	GlobalSection(SolutionProperties) = preSolution
		HideSolutionNode = FALSE
	EndGlobalSection
	GlobalSection(ExtensibilityGlobals) = postSolution
		SolutionGuid = {3DD80C56-EB54-48E0-BDB6-D511DEF25E05}
	EndGlobalSection
EndGlobal
